// !$*UTF8*$!
{
	archiveVersion = 1;
	classes = {
	};
	objectVersion = 46;
	objects = {

/* Begin PBXBuildFile section */
		1D4930A319F47EC200FAA840 /* AppDelegate.swift in Sources */ = {isa = PBXBuildFile; fileRef = 1D4930A219F47EC200FAA840 /* AppDelegate.swift */; };
		1D4930A519F47EC200FAA840 /* Images.xcassets in Resources */ = {isa = PBXBuildFile; fileRef = 1D4930A419F47EC200FAA840 /* Images.xcassets */; };
		1D4930A819F47EC200FAA840 /* MainMenu.xib in Resources */ = {isa = PBXBuildFile; fileRef = 1D4930A619F47EC200FAA840 /* MainMenu.xib */; };
		1D4930B419F47EC200FAA840 /* inn2Tests.swift in Sources */ = {isa = PBXBuildFile; fileRef = 1D4930B319F47EC200FAA840 /* inn2Tests.swift */; };
/* End PBXBuildFile section */

/* Begin PBXContainerItemProxy section */
		1D4930AE19F47EC200FAA840 /* PBXContainerItemProxy */ = {
			isa = PBXContainerItemProxy;
			containerPortal = 1D49309519F47EC200FAA840 /* Project object */;
			proxyType = 1;
			remoteGlobalIDString = 1D49309C19F47EC200FAA840;
			remoteInfo = inn2;
		};
/* End PBXContainerItemProxy section */

/* Begin PBXFileReference section */
		1D49309D19F47EC200FAA840 /* inn2.app */ = {isa = PBXFileReference; explicitFileType = wrapper.application; includeInIndex = 0; path = inn2.app; sourceTree = BUILT_PRODUCTS_DIR; };
		1D4930A119F47EC200FAA840 /* Info.plist */ = {isa = PBXFileReference; lastKnownFileType = text.plist.xml; path = Info.plist; sourceTree = "<group>"; };
		1D4930A219F47EC200FAA840 /* AppDelegate.swift */ = {isa = PBXFileReference; lastKnownFileType = sourcecode.swift; path = AppDelegate.swift; sourceTree = "<group>"; };
		1D4930A419F47EC200FAA840 /* Images.xcassets */ = {isa = PBXFileReference; lastKnownFileType = folder.assetcatalog; path = Images.xcassets; sourceTree = "<group>"; };
		1D4930A719F47EC200FAA840 /* Base */ = {isa = PBXFileReference; lastKnownFileType = file.xib; name = Base; path = Base.lproj/MainMenu.xib; sourceTree = "<group>"; };
		1D4930AD19F47EC200FAA840 /* inn2Tests.xctest */ = {isa = PBXFileReference; explicitFileType = wrapper.cfbundle; includeInIndex = 0; path = inn2Tests.xctest; sourceTree = BUILT_PRODUCTS_DIR; };
		1D4930B219F47EC200FAA840 /* Info.plist */ = {isa = PBXFileReference; lastKnownFileType = text.plist.xml; path = Info.plist; sourceTree = "<group>"; };
		1D4930B319F47EC200FAA840 /* inn2Tests.swift */ = {isa = PBXFileReference; lastKnownFileType = sourcecode.swift; path = inn2Tests.swift; sourceTree = "<group>"; };
/* End PBXFileReference section */

/* Begin PBXFrameworksBuildPhase section */
		1D49309A19F47EC200FAA840 /* Frameworks */ = {
			isa = PBXFrameworksBuildPhase;
			buildActionMask = 2147483647;
			files = (
			);
			runOnlyForDeploymentPostprocessing = 0;
		};
		1D4930AA19F47EC200FAA840 /* Frameworks */ = {
			isa = PBXFrameworksBuildPhase;
			buildActionMask = 2147483647;
			files = (
			);
			runOnlyForDeploymentPostprocessing = 0;
		};
/* End PBXFrameworksBuildPhase section */

/* Begin PBXGroup section */
		1D49309419F47EC200FAA840 = {
			isa = PBXGroup;
			children = (
				1D49309F19F47EC200FAA840 /* inn2 */,
				1D4930B019F47EC200FAA840 /* inn2Tests */,
				1D49309E19F47EC200FAA840 /* Products */,
			);
			sourceTree = "<group>";
		};
		1D49309E19F47EC200FAA840 /* Products */ = {
			isa = PBXGroup;
			children = (
				1D49309D19F47EC200FAA840 /* inn2.app */,
				1D4930AD19F47EC200FAA840 /* inn2Tests.xctest */,
			);
			name = Products;
			sourceTree = "<group>";
		};
		1D49309F19F47EC200FAA840 /* inn2 */ = {
			isa = PBXGroup;
			children = (
				1D4930A219F47EC200FAA840 /* AppDelegate.swift */,
				1D4930A419F47EC200FAA840 /* Images.xcassets */,
				1D4930A619F47EC200FAA840 /* MainMenu.xib */,
				1D4930A019F47EC200FAA840 /* Supporting Files */,
			);
			path = inn2;
			sourceTree = "<group>";
		};
		1D4930A019F47EC200FAA840 /* Supporting Files */ = {
			isa = PBXGroup;
			children = (
				1D4930A119F47EC200FAA840 /* Info.plist */,
			);
			name = "Supporting Files";
			sourceTree = "<group>";
		};
		1D4930B019F47EC200FAA840 /* inn2Tests */ = {
			isa = PBXGroup;
			children = (
				1D4930B319F47EC200FAA840 /* inn2Tests.swift */,
				1D4930B119F47EC200FAA840 /* Supporting Files */,
			);
			path = inn2Tests;
			sourceTree = "<group>";
		};
		1D4930B119F47EC200FAA840 /* Supporting Files */ = {
			isa = PBXGroup;
			children = (
				1D4930B219F47EC200FAA840 /* Info.plist */,
			);
			name = "Supporting Files";
			sourceTree = "<group>";
		};
/* End PBXGroup section */

/* Begin PBXNativeTarget section */
		1D49309C19F47EC200FAA840 /* inn2 */ = {
			isa = PBXNativeTarget;
			buildConfigurationList = 1D4930B719F47EC200FAA840 /* Build configuration list for PBXNativeTarget "inn2" */;
			buildPhases = (
				1D49309919F47EC200FAA840 /* Sources */,
				1D49309A19F47EC200FAA840 /* Frameworks */,
				1D49309B19F47EC200FAA840 /* Resources */,
			);
			buildRules = (
			);
			dependencies = (
			);
			name = inn2;
			productName = inn2;
			productReference = 1D49309D19F47EC200FAA840 /* inn2.app */;
			productType = "com.apple.product-type.application";
		};
		1D4930AC19F47EC200FAA840 /* inn2Tests */ = {
			isa = PBXNativeTarget;
			buildConfigurationList = 1D4930BA19F47EC200FAA840 /* Build configuration list for PBXNativeTarget "inn2Tests" */;
			buildPhases = (
				1D4930A919F47EC200FAA840 /* Sources */,
				1D4930AA19F47EC200FAA840 /* Frameworks */,
				1D4930AB19F47EC200FAA840 /* Resources */,
			);
			buildRules = (
			);
			dependencies = (
				1D4930AF19F47EC200FAA840 /* PBXTargetDependency */,
			);
			name = inn2Tests;
			productName = inn2Tests;
			productReference = 1D4930AD19F47EC200FAA840 /* inn2Tests.xctest */;
			productType = "com.apple.product-type.bundle.unit-test";
		};
/* End PBXNativeTarget section */

/* Begin PBXProject section */
		1D49309519F47EC200FAA840 /* Project object */ = {
			isa = PBXProject;
			attributes = {
				LastUpgradeCheck = 0610;
				ORGANIZATIONNAME = mialin;
				TargetAttributes = {
					1D49309C19F47EC200FAA840 = {
						CreatedOnToolsVersion = 6.1;
					};
					1D4930AC19F47EC200FAA840 = {
						CreatedOnToolsVersion = 6.1;
						TestTargetID = 1D49309C19F47EC200FAA840;
					};
				};
			};
			buildConfigurationList = 1D49309819F47EC200FAA840 /* Build configuration list for PBXProject "inn2" */;
			compatibilityVersion = "Xcode 3.2";
			developmentRegion = English;
			hasScannedForEncodings = 0;
			knownRegions = (
				en,
				Base,
			);
			mainGroup = 1D49309419F47EC200FAA840;
			productRefGroup = 1D49309E19F47EC200FAA840 /* Products */;
			projectDirPath = "";
			projectRoot = "";
			targets = (
				1D49309C19F47EC200FAA840 /* inn2 */,
				1D4930AC19F47EC200FAA840 /* inn2Tests */,
			);
		};
/* End PBXProject section */

/* Begin PBXResourcesBuildPhase section */
		1D49309B19F47EC200FAA840 /* Resources */ = {
			isa = PBXResourcesBuildPhase;
			buildActionMask = 2147483647;
			files = (
				1D4930A519F47EC200FAA840 /* Images.xcassets in Resources */,
				1D4930A819F47EC200FAA840 /* MainMenu.xib in Resources */,
			);
			runOnlyForDeploymentPostprocessing = 0;
		};
		1D4930AB19F47EC200FAA840 /* Resources */ = {
			isa = PBXResourcesBuildPhase;
			buildActionMask = 2147483647;
			files = (
			);
			runOnlyForDeploymentPostprocessing = 0;
		};
/* End PBXResourcesBuildPhase section */

/* Begin PBXSourcesBuildPhase section */
		1D49309919F47EC200FAA840 /* Sources */ = {
			isa = PBXSourcesBuildPhase;
			buildActionMask = 2147483647;
			files = (
				1D4930A319F47EC200FAA840 /* AppDelegate.swift in Sources */,
			);
			runOnlyForDeploymentPostprocessing = 0;
		};
		1D4930A919F47EC200FAA840 /* Sources */ = {
			isa = PBXSourcesBuildPhase;
			buildActionMask = 2147483647;
			files = (
				1D4930B419F47EC200FAA840 /* inn2Tests.swift in Sources */,
			);
			runOnlyForDeploymentPostprocessing = 0;
		};
/* End PBXSourcesBuildPhase section */

/* Begin PBXTargetDependency section */
		1D4930AF19F47EC200FAA840 /* PBXTargetDependency */ = {
			isa = PBXTargetDependency;
			target = 1D49309C19F47EC200FAA840 /* inn2 */;
			targetProxy = 1D4930AE19F47EC200FAA840 /* PBXContainerItemProxy */;
		};
/* End PBXTargetDependency section */

/* Begin PBXVariantGroup section */
		1D4930A619F47EC200FAA840 /* MainMenu.xib */ = {
			isa = PBXVariantGroup;
			children = (
				1D4930A719F47EC200FAA840 /* Base */,
			);
			name = MainMenu.xib;
			sourceTree = "<group>";
		};
/* End PBXVariantGroup section */

/* Begin XCBuildConfiguration section */
		1D4930B519F47EC200FAA840 /* Debug */ = {
			isa = XCBuildConfiguration;
			buildSettings = {
				ALWAYS_SEARCH_USER_PATHS = NO;
				CLANG_CXX_LANGUAGE_STANDARD = "gnu++0x";
				CLANG_CXX_LIBRARY = "libc++";
				CLANG_ENABLE_MODULES = YES;
				CLANG_ENABLE_OBJC_ARC = YES;
				CLANG_WARN_BOOL_CONVERSION = YES;
				CLANG_WARN_CONSTANT_CONVERSION = YES;
				CLANG_WARN_DIRECT_OBJC_ISA_USAGE = YES_ERROR;
				CLANG_WARN_EMPTY_BODY = YES;
				CLANG_WARN_ENUM_CONVERSION = YES;
				CLANG_WARN_INT_CONVERSION = YES;
				CLANG_WARN_OBJC_ROOT_CLASS = YES_ERROR;
				CLANG_WARN_UNREACHABLE_CODE = YES;
				CLANG_WARN__DUPLICATE_METHOD_MATCH = YES;
				CODE_SIGN_IDENTITY = "-";
				COPY_PHASE_STRIP = NO;
				ENABLE_STRICT_OBJC_MSGSEND = YES;
				GCC_C_LANGUAGE_STANDARD = gnu99;
				GCC_DYNAMIC_NO_PIC = NO;
				GCC_OPTIMIZATION_LEVEL = 0;
				GCC_PREPROCESSOR_DEFINITIONS = (
					"DEBUG=1",
					"$(inherited)",
				);
				GCC_SYMBOLS_PRIVATE_EXTERN = NO;
				GCC_WARN_64_TO_32_BIT_CONVERSION = YES;
				GCC_WARN_ABOUT_RETURN_TYPE = YES_ERROR;
				GCC_WARN_UNDECLARED_SELECTOR = YES;
				GCC_WARN_UNINITIALIZED_AUTOS = YES_AGGRESSIVE;
				GCC_WARN_UNUSED_FUNCTION = YES;
				GCC_WARN_UNUSED_VARIABLE = YES;
				MACOSX_DEPLOYMENT_TARGET = 10.10;
				MTL_ENABLE_DEBUG_INFO = YES;
				ONLY_ACTIVE_ARCH = YES;
				SDKROOT = macosx;
				SWIFT_OPTIMIZATION_LEVEL = "-Onone";
			};
			name = Debug;
		};
		1D4930B619F47EC200FAA840 /* Release */ = {
			isa = XCBuildConfiguration;
			buildSettings = {
				ALWAYS_SEARCH_USER_PATHS = NO;
				CLANG_CXX_LANGUAGE_STANDARD = "gnu++0x";
				CLANG_CXX_LIBRARY = "libc++";
				CLANG_ENABLE_MODULES = YES;
				CLANG_ENABLE_OBJC_ARC = YES;
				CLANG_WARN_BOOL_CONVERSION = YES;
				CLANG_WARN_CONSTANT_CONVERSION = YES;
				CLANG_WARN_DIRECT_OBJC_ISA_USAGE = YES_ERROR;
				CLANG_WARN_EMPTY_BODY = YES;
				CLANG_WARN_ENUM_CONVERSION = YES;
				CLANG_WARN_INT_CONVERSION = YES;
				CLANG_WARN_OBJC_ROOT_CLASS = YES_ERROR;
				CLANG_WARN_UNREACHABLE_CODE = YES;
				CLANG_WARN__DUPLICATE_METHOD_MATCH = YES;
				CODE_SIGN_IDENTITY = "-";
				COPY_PHASE_STRIP = YES;
				DEBUG_INFORMATION_FORMAT = "dwarf-with-dsym";
				ENABLE_NS_ASSERTIONS = NO;
				ENABLE_STRICT_OBJC_MSGSEND = YES;
				GCC_C_LANGUAGE_STANDARD = gnu99;
				GCC_WARN_64_TO_32_BIT_CONVERSION = YES;
				GCC_WARN_ABOUT_RETURN_TYPE = YES_ERROR;
				GCC_WARN_UNDECLARED_SELECTOR = YES;
				GCC_WARN_UNINITIALIZED_AUTOS = YES_AGGRESSIVE;
				GCC_WARN_UNUSED_FUNCTION = YES;
				GCC_WARN_UNUSED_VARIABLE = YES;
				MACOSX_DEPLOYMENT_TARGET = 10.10;
				MTL_ENABLE_DEBUG_INFO = NO;
				SDKROOT = macosx;
			};
			name = Release;
		};
		1D4930B819F47EC200FAA840 /* Debug */ = {
			isa = XCBuildConfiguration;
			buildSettings = {
				ASSETCATALOG_COMPILER_APPICON_NAME = AppIcon;
				COMBINE_HIDPI_IMAGES = YES;
				INFOPLIST_FILE = inn2/Info.plist;
				LD_RUNPATH_SEARCH_PATHS = "$(inherited) @executable_path/../Frameworks";
				PRODUCT_NAME = "$(TARGET_NAME)";
			};
			name = Debug;
		};
		1D4930B919F47EC200FAA840 /* Release */ = {
			isa = XCBuildConfiguration;
			buildSettings = {
				ASSETCATALOG_COMPILER_APPICON_NAME = AppIcon;
				COMBINE_HIDPI_IMAGES = YES;
				INFOPLIST_FILE = inn2/Info.plist;
				LD_RUNPATH_SEARCH_PATHS = "$(inherited) @executable_path/../Frameworks";
				PRODUCT_NAME = "$(TARGET_NAME)";
			};
			name = Release;
		};
		1D4930BB19F47EC200FAA840 /* Debug */ = {
			isa = XCBuildConfiguration;
			buildSettings = {
				BUNDLE_LOADER = "$(TEST_HOST)";
				COMBINE_HIDPI_IMAGES = YES;
				FRAMEWORK_SEARCH_PATHS = (
					"$(DEVELOPER_FRAMEWORKS_DIR)",
					"$(inherited)",
				);
				GCC_PREPROCESSOR_DEFINITIONS = (
					"DEBUG=1",
					"$(inherited)",
				);
				INFOPLIST_FILE = inn2Tests/Info.plist;
				LD_RUNPATH_SEARCH_PATHS = "$(inherited) @executable_path/../Frameworks @loader_path/../Frameworks";
				PRODUCT_NAME = "$(TARGET_NAME)";
				TEST_HOST = "$(BUILT_PRODUCTS_DIR)/inn2.app/Contents/MacOS/inn2";
			};
			name = Debug;
		};
		1D4930BC19F47EC200FAA840 /* Release */ = {
			isa = XCBuildConfiguration;
			buildSettings = {
				BUNDLE_LOADER = "$(TEST_HOST)";
				COMBINE_HIDPI_IMAGES = YES;
				FRAMEWORK_SEARCH_PATHS = (
					"$(DEVELOPER_FRAMEWORKS_DIR)",
					"$(inherited)",
				);
				INFOPLIST_FILE = inn2Tests/Info.plist;
				LD_RUNPATH_SEARCH_PATHS = "$(inherited) @executable_path/../Frameworks @loader_path/../Frameworks";
				PRODUCT_NAME = "$(TARGET_NAME)";
				TEST_HOST = "$(BUILT_PRODUCTS_DIR)/inn2.app/Contents/MacOS/inn2";
			};
			name = Release;
		};
/* End XCBuildConfiguration section */

/* Begin XCConfigurationList section */
		1D49309819F47EC200FAA840 /* Build configuration list for PBXProject "inn2" */ = {
			isa = XCConfigurationList;
			buildConfigurations = (
				1D4930B519F47EC200FAA840 /* Debug */,
				1D4930B619F47EC200FAA840 /* Release */,
			);
			defaultConfigurationIsVisible = 0;
			defaultConfigurationName = Release;
		};
		1D4930B719F47EC200FAA840 /* Build configuration list for PBXNativeTarget "inn2" */ = {
			isa = XCConfigurationList;
			buildConfigurations = (
				1D4930B819F47EC200FAA840 /* Debug */,
				1D4930B919F47EC200FAA840 /* Release */,
			);
			defaultConfigurationIsVisible = 0;
		};
		1D4930BA19F47EC200FAA840 /* Build configuration list for PBXNativeTarget "inn2Tests" */ = {
			isa = XCConfigurationList;
			buildConfigurations = (
				1D4930BB19F47EC200FAA840 /* Debug */,
				1D4930BC19F47EC200FAA840 /* Release */,
			);
			defaultConfigurationIsVisible = 0;
		};
/* End XCConfigurationList section */
	};
	rootObject = 1D49309519F47EC200FAA840 /* Project object */;
}
